
Microsoft Visual Studio Solution File, Format Version 12.00
# Visual Studio 15
VisualStudioVersion = 15.0.28307.960
MinimumVisualStudioVersion = 10.0.40219.1
Project("{888888A0-9F3D-457C-B088-3A5042F75D52}") = "lab01", "lab01\lab01.pyproj", "{6BCE999E-CD11-42DE-A111-F1ED6C96425F}"
EndProject
Global
	GlobalSection(SolutionConfigurationPlatforms) = preSolution
		Debug|Any CPU = Debug|Any CPU
		Release|Any CPU = Release|Any CPU
	EndGlobalSection
	GlobalSection(ProjectConfigurationPlatforms) = postSolution
		{6BCE999E-CD11-42DE-A111-F1ED6C96425F}.Debug|Any CPU.ActiveCfg = Debug|Any CPU
		{6BCE999E-CD11-42DE-A111-F1ED6C96425F}.Release|Any CPU.ActiveCfg = Release|Any CPU
	EndGlobalSection
	GlobalSection(SolutionProperties) = preSolution
		HideSolutionNode = FALSE
	EndGlobalSection
	GlobalSection(ExtensibilityGlobals) = postSolution
		SolutionGuid = {224E868C-390D-48A6-AF6F-7954ADFFE380}
	EndGlobalSection
EndGlobal
